PODS:
  - BubblePictures (1.0.5):
    - SDWebImage (~> 4.0)
  - SDWebImage (4.0.0):
    - SDWebImage/Core (= 4.0.0)
  - SDWebImage/Core (4.0.0)

DEPENDENCIES:
  - BubblePictures (from `../`)

EXTERNAL SOURCES:
  BubblePictures:
    :path: "../"

SPEC CHECKSUMS:
  BubblePictures: 9fc1839e48287cf171eaad0f8513ec2a15db27b8
  SDWebImage: 76a6348bdc74eb5a55dd08a091ef298e56b55e41

PODFILE CHECKSUM: 58ada823d0c2729f808742c3f20b38e6e5bec579

COCOAPODS: 1.2.1
